// !$*UTF8*$!
{
	archiveVersion = 1;
	classes = {
	};
	objectVersion = 56;
	objects = {

/* Begin PBXBuildFile section */
		64557AFB2CFD1F9A005D332E /* Assets.xcassets in Resources */ = {isa = PBXBuildFile; fileRef = 64557AFA2CFD1F9A005D332E /* Assets.xcassets */; };
		64557B052CFD20D0005D332E /* AppDelegate.swift in Sources */ = {isa = PBXBuildFile; fileRef = 64557B042CFD20D0005D332E /* AppDelegate.swift */; };
		64557B072CFD20FC005D332E /* SceneDelegate.swift in Sources */ = {isa = PBXBuildFile; fileRef = 64557B062CFD20FC005D332E /* SceneDelegate.swift */; };
		64557B0C2CFD2294005D332E /* LoginVC.swift in Sources */ = {isa = PBXBuildFile; fileRef = 64557B0B2CFD2294005D332E /* LoginVC.swift */; };
		64557B0E2CFD22C6005D332E /* HomeVC.swift in Sources */ = {isa = PBXBuildFile; fileRef = 64557B0D2CFD22C6005D332E /* HomeVC.swift */; };
		64557B132CFD25B0005D332E /* PostCollectionViewCell.swift in Sources */ = {isa = PBXBuildFile; fileRef = 64557B122CFD25B0005D332E /* PostCollectionViewCell.swift */; };
		64557B192CFD265A005D332E /* Post.swift in Sources */ = {isa = PBXBuildFile; fileRef = 64557B182CFD265A005D332E /* Post.swift */; };
		64557B1B2CFD288A005D332E /* UIColor+Extension.swift in Sources */ = {isa = PBXBuildFile; fileRef = 64557B1A2CFD288A005D332E /* UIColor+Extension.swift */; };
		64557B1D2CFD28A7005D332E /* UIFont+Extension.swift in Sources */ = {isa = PBXBuildFile; fileRef = 64557B1C2CFD28A7005D332E /* UIFont+Extension.swift */; };
		64557B212CFD4B0F005D332E /* LaunchScreen.storyboard in Resources */ = {isa = PBXBuildFile; fileRef = 64557B202CFD4B0F005D332E /* LaunchScreen.storyboard */; };
		64557B242CFD4B55005D332E /* Info.plist in Resources */ = {isa = PBXBuildFile; fileRef = 64557B232CFD4B55005D332E /* Info.plist */; };
/* End PBXBuildFile section */

/* Begin PBXFileReference section */
		64557AF32CFD1F99005D332E /* RedRetriever.app */ = {isa = PBXFileReference; explicitFileType = wrapper.application; includeInIndex = 0; path = RedRetriever.app; sourceTree = BUILT_PRODUCTS_DIR; };
		64557AFA2CFD1F9A005D332E /* Assets.xcassets */ = {isa = PBXFileReference; lastKnownFileType = folder.assetcatalog; path = Assets.xcassets; sourceTree = "<group>"; };
		64557B042CFD20D0005D332E /* AppDelegate.swift */ = {isa = PBXFileReference; lastKnownFileType = sourcecode.swift; path = AppDelegate.swift; sourceTree = "<group>"; };
		64557B062CFD20FC005D332E /* SceneDelegate.swift */ = {isa = PBXFileReference; lastKnownFileType = sourcecode.swift; path = SceneDelegate.swift; sourceTree = "<group>"; };
		64557B0B2CFD2294005D332E /* LoginVC.swift */ = {isa = PBXFileReference; lastKnownFileType = sourcecode.swift; path = LoginVC.swift; sourceTree = "<group>"; };
		64557B0D2CFD22C6005D332E /* HomeVC.swift */ = {isa = PBXFileReference; lastKnownFileType = sourcecode.swift; path = HomeVC.swift; sourceTree = "<group>"; };
		64557B122CFD25B0005D332E /* PostCollectionViewCell.swift */ = {isa = PBXFileReference; lastKnownFileType = sourcecode.swift; path = PostCollectionViewCell.swift; sourceTree = "<group>"; };
		64557B182CFD265A005D332E /* Post.swift */ = {isa = PBXFileReference; lastKnownFileType = sourcecode.swift; path = Post.swift; sourceTree = "<group>"; };
		64557B1A2CFD288A005D332E /* UIColor+Extension.swift */ = {isa = PBXFileReference; lastKnownFileType = sourcecode.swift; path = "UIColor+Extension.swift"; sourceTree = "<group>"; };
		64557B1C2CFD28A7005D332E /* UIFont+Extension.swift */ = {isa = PBXFileReference; lastKnownFileType = sourcecode.swift; path = "UIFont+Extension.swift"; sourceTree = "<group>"; };
		64557B202CFD4B0F005D332E /* LaunchScreen.storyboard */ = {isa = PBXFileReference; lastKnownFileType = file.storyboard; path = LaunchScreen.storyboard; sourceTree = "<group>"; };
		64557B232CFD4B55005D332E /* Info.plist */ = {isa = PBXFileReference; fileEncoding = 4; lastKnownFileType = text.plist.xml; path = Info.plist; sourceTree = "<group>"; };
/* End PBXFileReference section */

/* Begin PBXFrameworksBuildPhase section */
		64557AF02CFD1F99005D332E /* Frameworks */ = {
			isa = PBXFrameworksBuildPhase;
			buildActionMask = 2147483647;
			files = (
			);
			runOnlyForDeploymentPostprocessing = 0;
		};
/* End PBXFrameworksBuildPhase section */

/* Begin PBXGroup section */
		64557AEA2CFD1F99005D332E = {
			isa = PBXGroup;
			children = (
				64557B222CFD4B30005D332E /* Supporting */,
				64557AF52CFD1F99005D332E /* RedRetriever */,
				64557B232CFD4B55005D332E /* Info.plist */,
				64557AF42CFD1F99005D332E /* Products */,
			);
			sourceTree = "<group>";
		};
		64557AF42CFD1F99005D332E /* Products */ = {
			isa = PBXGroup;
			children = (
				64557AF32CFD1F99005D332E /* RedRetriever.app */,
			);
			name = Products;
			sourceTree = "<group>";
		};
		64557AF52CFD1F99005D332E /* RedRetriever */ = {
			isa = PBXGroup;
			children = (
				64557B162CFD25FF005D332E /* Extensions */,
				64557B152CFD25F2005D332E /* Networking */,
				64557B142CFD25E5005D332E /* Models */,
				64557B112CFD2592005D332E /* Views */,
				64557B082CFD2182005D332E /* Controllers */,
			);
			path = RedRetriever;
			sourceTree = "<group>";
		};
		64557B082CFD2182005D332E /* Controllers */ = {
			isa = PBXGroup;
			children = (
				64557B0B2CFD2294005D332E /* LoginVC.swift */,
				64557B0D2CFD22C6005D332E /* HomeVC.swift */,
			);
			path = Controllers;
			sourceTree = "<group>";
		};
		64557B112CFD2592005D332E /* Views */ = {
			isa = PBXGroup;
			children = (
				64557B122CFD25B0005D332E /* PostCollectionViewCell.swift */,
			);
			path = Views;
			sourceTree = "<group>";
		};
		64557B142CFD25E5005D332E /* Models */ = {
			isa = PBXGroup;
			children = (
				64557B182CFD265A005D332E /* Post.swift */,
			);
			path = Models;
			sourceTree = "<group>";
		};
		64557B152CFD25F2005D332E /* Networking */ = {
			isa = PBXGroup;
			children = (
			);
			path = Networking;
			sourceTree = "<group>";
		};
		64557B162CFD25FF005D332E /* Extensions */ = {
			isa = PBXGroup;
			children = (
				64557B1A2CFD288A005D332E /* UIColor+Extension.swift */,
				64557B1C2CFD28A7005D332E /* UIFont+Extension.swift */,
			);
			path = Extensions;
			sourceTree = "<group>";
		};
		64557B222CFD4B30005D332E /* Supporting */ = {
			isa = PBXGroup;
			children = (
				64557B062CFD20FC005D332E /* SceneDelegate.swift */,
				64557B042CFD20D0005D332E /* AppDelegate.swift */,
				64557AFA2CFD1F9A005D332E /* Assets.xcassets */,
				64557B202CFD4B0F005D332E /* LaunchScreen.storyboard */,
			);
			path = Supporting;
			sourceTree = "<group>";
		};
/* End PBXGroup section */

/* Begin PBXNativeTarget section */
		64557AF22CFD1F99005D332E /* RedRetriever */ = {
			isa = PBXNativeTarget;
			buildConfigurationList = 64557B012CFD1F9A005D332E /* Build configuration list for PBXNativeTarget "RedRetriever" */;
			buildPhases = (
				64557AEF2CFD1F99005D332E /* Sources */,
				64557AF02CFD1F99005D332E /* Frameworks */,
				64557AF12CFD1F99005D332E /* Resources */,
			);
			buildRules = (
			);
			dependencies = (
			);
			name = RedRetriever;
			productName = RedRetriever;
			productReference = 64557AF32CFD1F99005D332E /* RedRetriever.app */;
			productType = "com.apple.product-type.application";
		};
/* End PBXNativeTarget section */

/* Begin PBXProject section */
		64557AEB2CFD1F99005D332E /* Project object */ = {
			isa = PBXProject;
			attributes = {
				BuildIndependentTargetsInParallel = 1;
				LastSwiftUpdateCheck = 1420;
				LastUpgradeCheck = 1420;
				TargetAttributes = {
					64557AF22CFD1F99005D332E = {
						CreatedOnToolsVersion = 14.2;
					};
				};
			};
			buildConfigurationList = 64557AEE2CFD1F99005D332E /* Build configuration list for PBXProject "RedRetriever" */;
			compatibilityVersion = "Xcode 14.0";
			developmentRegion = en;
			hasScannedForEncodings = 0;
			knownRegions = (
				en,
				Base,
			);
			mainGroup = 64557AEA2CFD1F99005D332E;
			productRefGroup = 64557AF42CFD1F99005D332E /* Products */;
			projectDirPath = "";
			projectRoot = "";
			targets = (
				64557AF22CFD1F99005D332E /* RedRetriever */,
			);
		};
/* End PBXProject section */

/* Begin PBXResourcesBuildPhase section */
		64557AF12CFD1F99005D332E /* Resources */ = {
			isa = PBXResourcesBuildPhase;
			buildActionMask = 2147483647;
			files = (
				64557AFB2CFD1F9A005D332E /* Assets.xcassets in Resources */,
				64557B212CFD4B0F005D332E /* LaunchScreen.storyboard in Resources */,
				64557B242CFD4B55005D332E /* Info.plist in Resources */,
			);
			runOnlyForDeploymentPostprocessing = 0;
		};
/* End PBXResourcesBuildPhase section */

/* Begin PBXSourcesBuildPhase section */
		64557AEF2CFD1F99005D332E /* Sources */ = {
			isa = PBXSourcesBuildPhase;
			buildActionMask = 2147483647;
			files = (
				64557B052CFD20D0005D332E /* AppDelegate.swift in Sources */,
				64557B0E2CFD22C6005D332E /* HomeVC.swift in Sources */,
				64557B132CFD25B0005D332E /* PostCollectionViewCell.swift in Sources */,
				64557B072CFD20FC005D332E /* SceneDelegate.swift in Sources */,
				64557B0C2CFD2294005D332E /* LoginVC.swift in Sources */,
				64557B192CFD265A005D332E /* Post.swift in Sources */,
				64557B1D2CFD28A7005D332E /* UIFont+Extension.swift in Sources */,
				64557B1B2CFD288A005D332E /* UIColor+Extension.swift in Sources */,
			);
			runOnlyForDeploymentPostprocessing = 0;
		};
/* End PBXSourcesBuildPhase section */

/* Begin XCBuildConfiguration section */
		64557AFF2CFD1F9A005D332E /* Debug */ = {
			isa = XCBuildConfiguration;
			buildSettings = {
				ALWAYS_SEARCH_USER_PATHS = NO;
				CLANG_ANALYZER_NONNULL = YES;
				CLANG_ANALYZER_NUMBER_OBJECT_CONVERSION = YES_AGGRESSIVE;
				CLANG_CXX_LANGUAGE_STANDARD = "gnu++20";
				CLANG_ENABLE_MODULES = YES;
				CLANG_ENABLE_OBJC_ARC = YES;
				CLANG_ENABLE_OBJC_WEAK = YES;
				CLANG_WARN_BLOCK_CAPTURE_AUTORELEASING = YES;
				CLANG_WARN_BOOL_CONVERSION = YES;
				CLANG_WARN_COMMA = YES;
				CLANG_WARN_CONSTANT_CONVERSION = YES;
				CLANG_WARN_DEPRECATED_OBJC_IMPLEMENTATIONS = YES;
				CLANG_WARN_DIRECT_OBJC_ISA_USAGE = YES_ERROR;
				CLANG_WARN_DOCUMENTATION_COMMENTS = YES;
				CLANG_WARN_EMPTY_BODY = YES;
				CLANG_WARN_ENUM_CONVERSION = YES;
				CLANG_WARN_INFINITE_RECURSION = YES;
				CLANG_WARN_INT_CONVERSION = YES;
				CLANG_WARN_NON_LITERAL_NULL_CONVERSION = YES;
				CLANG_WARN_OBJC_IMPLICIT_RETAIN_SELF = YES;
				CLANG_WARN_OBJC_LITERAL_CONVERSION = YES;
				CLANG_WARN_OBJC_ROOT_CLASS = YES_ERROR;
				CLANG_WARN_QUOTED_INCLUDE_IN_FRAMEWORK_HEADER = YES;
				CLANG_WARN_RANGE_LOOP_ANALYSIS = YES;
				CLANG_WARN_STRICT_PROTOTYPES = YES;
				CLANG_WARN_SUSPICIOUS_MOVE = YES;
				CLANG_WARN_UNGUARDED_AVAILABILITY = YES_AGGRESSIVE;
				CLANG_WARN_UNREACHABLE_CODE = YES;
				CLANG_WARN__DUPLICATE_METHOD_MATCH = YES;
				COPY_PHASE_STRIP = NO;
				DEBUG_INFORMATION_FORMAT = dwarf;
				ENABLE_STRICT_OBJC_MSGSEND = YES;
				ENABLE_TESTABILITY = YES;
				GCC_C_LANGUAGE_STANDARD = gnu11;
				GCC_DYNAMIC_NO_PIC = NO;
				GCC_NO_COMMON_BLOCKS = YES;
				GCC_OPTIMIZATION_LEVEL = 0;
				GCC_PREPROCESSOR_DEFINITIONS = (
					"DEBUG=1",
					"$(inherited)",
				);
				GCC_WARN_64_TO_32_BIT_CONVERSION = YES;
				GCC_WARN_ABOUT_RETURN_TYPE = YES_ERROR;
				GCC_WARN_UNDECLARED_SELECTOR = YES;
				GCC_WARN_UNINITIALIZED_AUTOS = YES_AGGRESSIVE;
				GCC_WARN_UNUSED_FUNCTION = YES;
				GCC_WARN_UNUSED_VARIABLE = YES;
				IPHONEOS_DEPLOYMENT_TARGET = 16.2;
				MTL_ENABLE_DEBUG_INFO = INCLUDE_SOURCE;
				MTL_FAST_MATH = YES;
				ONLY_ACTIVE_ARCH = YES;
				SDKROOT = iphoneos;
				SWIFT_ACTIVE_COMPILATION_CONDITIONS = DEBUG;
				SWIFT_OPTIMIZATION_LEVEL = "-Onone";
			};
			name = Debug;
		};
		64557B002CFD1F9A005D332E /* Release */ = {
			isa = XCBuildConfiguration;
			buildSettings = {
				ALWAYS_SEARCH_USER_PATHS = NO;
				CLANG_ANALYZER_NONNULL = YES;
				CLANG_ANALYZER_NUMBER_OBJECT_CONVERSION = YES_AGGRESSIVE;
				CLANG_CXX_LANGUAGE_STANDARD = "gnu++20";
				CLANG_ENABLE_MODULES = YES;
				CLANG_ENABLE_OBJC_ARC = YES;
				CLANG_ENABLE_OBJC_WEAK = YES;
				CLANG_WARN_BLOCK_CAPTURE_AUTORELEASING = YES;
				CLANG_WARN_BOOL_CONVERSION = YES;
				CLANG_WARN_COMMA = YES;
				CLANG_WARN_CONSTANT_CONVERSION = YES;
				CLANG_WARN_DEPRECATED_OBJC_IMPLEMENTATIONS = YES;
				CLANG_WARN_DIRECT_OBJC_ISA_USAGE = YES_ERROR;
				CLANG_WARN_DOCUMENTATION_COMMENTS = YES;
				CLANG_WARN_EMPTY_BODY = YES;
				CLANG_WARN_ENUM_CONVERSION = YES;
				CLANG_WARN_INFINITE_RECURSION = YES;
				CLANG_WARN_INT_CONVERSION = YES;
				CLANG_WARN_NON_LITERAL_NULL_CONVERSION = YES;
				CLANG_WARN_OBJC_IMPLICIT_RETAIN_SELF = YES;
				CLANG_WARN_OBJC_LITERAL_CONVERSION = YES;
				CLANG_WARN_OBJC_ROOT_CLASS = YES_ERROR;
				CLANG_WARN_QUOTED_INCLUDE_IN_FRAMEWORK_HEADER = YES;
				CLANG_WARN_RANGE_LOOP_ANALYSIS = YES;
				CLANG_WARN_STRICT_PROTOTYPES = YES;
				CLANG_WARN_SUSPICIOUS_MOVE = YES;
				CLANG_WARN_UNGUARDED_AVAILABILITY = YES_AGGRESSIVE;
				CLANG_WARN_UNREACHABLE_CODE = YES;
				CLANG_WARN__DUPLICATE_METHOD_MATCH = YES;
				COPY_PHASE_STRIP = NO;
				DEBUG_INFORMATION_FORMAT = "dwarf-with-dsym";
				ENABLE_NS_ASSERTIONS = NO;
				ENABLE_STRICT_OBJC_MSGSEND = YES;
				GCC_C_LANGUAGE_STANDARD = gnu11;
				GCC_NO_COMMON_BLOCKS = YES;
				GCC_WARN_64_TO_32_BIT_CONVERSION = YES;
				GCC_WARN_ABOUT_RETURN_TYPE = YES_ERROR;
				GCC_WARN_UNDECLARED_SELECTOR = YES;
				GCC_WARN_UNINITIALIZED_AUTOS = YES_AGGRESSIVE;
				GCC_WARN_UNUSED_FUNCTION = YES;
				GCC_WARN_UNUSED_VARIABLE = YES;
				IPHONEOS_DEPLOYMENT_TARGET = 16.2;
				MTL_ENABLE_DEBUG_INFO = NO;
				MTL_FAST_MATH = YES;
				SDKROOT = iphoneos;
				SWIFT_COMPILATION_MODE = wholemodule;
				SWIFT_OPTIMIZATION_LEVEL = "-O";
				VALIDATE_PRODUCT = YES;
			};
			name = Release;
		};
		64557B022CFD1F9A005D332E /* Debug */ = {
			isa = XCBuildConfiguration;
			buildSettings = {
				ASSETCATALOG_COMPILER_APPICON_NAME = AppIcon;
				ASSETCATALOG_COMPILER_GLOBAL_ACCENT_COLOR_NAME = AccentColor;
				CODE_SIGN_STYLE = Automatic;
				CURRENT_PROJECT_VERSION = 1;
				DEVELOPMENT_ASSET_PATHS = "\"RedRetriever/Preview Content\"";
				ENABLE_PREVIEWS = YES;
				GENERATE_INFOPLIST_FILE = YES;
				INFOPLIST_FILE = RedRetriever/Info.plist;
				INFOPLIST_KEY_UIApplicationSupportsIndirectInputEvents = YES;
				INFOPLIST_KEY_UILaunchScreen_Generation = YES;
				INFOPLIST_KEY_UILaunchStoryboardName = LaunchScreen;
				INFOPLIST_KEY_UISupportedInterfaceOrientations_iPad = "UIInterfaceOrientationPortrait UIInterfaceOrientationPortraitUpsideDown UIInterfaceOrientationLandscapeLeft UIInterfaceOrientationLandscapeRight";
				INFOPLIST_KEY_UISupportedInterfaceOrientations_iPhone = "UIInterfaceOrientationPortrait UIInterfaceOrientationLandscapeLeft UIInterfaceOrientationLandscapeRight";
				LD_RUNPATH_SEARCH_PATHS = (
					"$(inherited)",
					"@executable_path/Frameworks",
				);
				MARKETING_VERSION = 1.0;
				PRODUCT_BUNDLE_IDENTIFIER = ethan.RedRetriever;
				PRODUCT_NAME = "$(TARGET_NAME)";
				SWIFT_EMIT_LOC_STRINGS = YES;
				SWIFT_VERSION = 5.0;
				TARGETED_DEVICE_FAMILY = "1,2";
			};
			name = Debug;
		};
		64557B032CFD1F9A005D332E /* Release */ = {
			isa = XCBuildConfiguration;
			buildSettings = {
				ASSETCATALOG_COMPILER_APPICON_NAME = AppIcon;
				ASSETCATALOG_COMPILER_GLOBAL_ACCENT_COLOR_NAME = AccentColor;
				CODE_SIGN_STYLE = Automatic;
				CURRENT_PROJECT_VERSION = 1;
				DEVELOPMENT_ASSET_PATHS = "\"RedRetriever/Preview Content\"";
				ENABLE_PREVIEWS = YES;
				GENERATE_INFOPLIST_FILE = YES;
				INFOPLIST_FILE = RedRetriever/Info.plist;
				INFOPLIST_KEY_UIApplicationSupportsIndirectInputEvents = YES;
				INFOPLIST_KEY_UILaunchScreen_Generation = YES;
				INFOPLIST_KEY_UILaunchStoryboardName = LaunchScreen;
				INFOPLIST_KEY_UISupportedInterfaceOrientations_iPad = "UIInterfaceOrientationPortrait UIInterfaceOrientationPortraitUpsideDown UIInterfaceOrientationLandscapeLeft UIInterfaceOrientationLandscapeRight";
				INFOPLIST_KEY_UISupportedInterfaceOrientations_iPhone = "UIInterfaceOrientationPortrait UIInterfaceOrientationLandscapeLeft UIInterfaceOrientationLandscapeRight";
				LD_RUNPATH_SEARCH_PATHS = (
					"$(inherited)",
					"@executable_path/Frameworks",
				);
				MARKETING_VERSION = 1.0;
				PRODUCT_BUNDLE_IDENTIFIER = ethan.RedRetriever;
				PRODUCT_NAME = "$(TARGET_NAME)";
				SWIFT_EMIT_LOC_STRINGS = YES;
				SWIFT_VERSION = 5.0;
				TARGETED_DEVICE_FAMILY = "1,2";
			};
			name = Release;
		};
/* End XCBuildConfiguration section */

/* Begin XCConfigurationList section */
		64557AEE2CFD1F99005D332E /* Build configuration list for PBXProject "RedRetriever" */ = {
			isa = XCConfigurationList;
			buildConfigurations = (
				64557AFF2CFD1F9A005D332E /* Debug */,
				64557B002CFD1F9A005D332E /* Release */,
			);
			defaultConfigurationIsVisible = 0;
			defaultConfigurationName = Release;
		};
		64557B012CFD1F9A005D332E /* Build configuration list for PBXNativeTarget "RedRetriever" */ = {
			isa = XCConfigurationList;
			buildConfigurations = (
				64557B022CFD1F9A005D332E /* Debug */,
				64557B032CFD1F9A005D332E /* Release */,
			);
			defaultConfigurationIsVisible = 0;
			defaultConfigurationName = Release;
		};
/* End XCConfigurationList section */
	};
	rootObject = 64557AEB2CFD1F99005D332E /* Project object */;
}
